// !$*UTF8*$!
{
	archiveVersion = 1;
	classes = {
	};
	objectVersion = 46;
	objects = {

/* Begin PBXBuildFile section */
		174A870C1D6ADF600048EFE5 /* Assets.xcassets in Resources */ = {isa = PBXBuildFile; fileRef = 174A870B1D6ADF600048EFE5 /* Assets.xcassets */; };
		174A87111D6AE73D0048EFE5 /* productClassModel.m in Sources */ = {isa = PBXBuildFile; fileRef = 174A87101D6AE73D0048EFE5 /* productClassModel.m */; };
		176C31411D6404060040EC60 /* Main.storyboard in Resources */ = {isa = PBXBuildFile; fileRef = 176C313F1D6404060040EC60 /* Main.storyboard */; };
		176C31461D6404060040EC60 /* LaunchScreen.storyboard in Resources */ = {isa = PBXBuildFile; fileRef = 176C31441D6404060040EC60 /* LaunchScreen.storyboard */; };
		176C31511D6404060040EC60 /* Zhang_tabBarTests.m in Sources */ = {isa = PBXBuildFile; fileRef = 176C31501D6404060040EC60 /* Zhang_tabBarTests.m */; };
		176C315C1D6404060040EC60 /* Zhang_tabBarUITests.m in Sources */ = {isa = PBXBuildFile; fileRef = 176C315B1D6404060040EC60 /* Zhang_tabBarUITests.m */; };
		178C80EE1D65A72A0007111A /* alarm.caf in Resources */ = {isa = PBXBuildFile; fileRef = 178C80B21D65A72A0007111A /* alarm.caf */; };
		178C80EF1D65A72A0007111A /* beep-beep.caf in Resources */ = {isa = PBXBuildFile; fileRef = 178C80B31D65A72A0007111A /* beep-beep.caf */; };
		178C80F01D65A72A0007111A /* begin_record.caf in Resources */ = {isa = PBXBuildFile; fileRef = 178C80B41D65A72A0007111A /* begin_record.caf */; };
		178C80F11D65A72A0007111A /* begin_video_record.caf in Resources */ = {isa = PBXBuildFile; fileRef = 178C80B51D65A72A0007111A /* begin_video_record.caf */; };
		178C80F21D65A72A0007111A /* ct-busy.caf in Resources */ = {isa = PBXBuildFile; fileRef = 178C80B61D65A72A0007111A /* ct-busy.caf */; };
		178C80F31D65A72A0007111A /* ct-call-waiting.caf in Resources */ = {isa = PBXBuildFile; fileRef = 178C80B71D65A72A0007111A /* ct-call-waiting.caf */; };
		178C80F41D65A72A0007111A /* ct-congestion.caf in Resources */ = {isa = PBXBuildFile; fileRef = 178C80B81D65A72A0007111A /* ct-congestion.caf */; };
		178C80F51D65A72A0007111A /* ct-error.caf in Resources */ = {isa = PBXBuildFile; fileRef = 178C80B91D65A72A0007111A /* ct-error.caf */; };
		178C80F61D65A72A0007111A /* ct-keytone2.caf in Resources */ = {isa = PBXBuildFile; fileRef = 178C80BA1D65A72A0007111A /* ct-keytone2.caf */; };
		178C80F71D65A72A0007111A /* ct-path-ack.caf in Resources */ = {isa = PBXBuildFile; fileRef = 178C80BB1D65A72A0007111A /* ct-path-ack.caf */; };
		178C80F81D65A72A0007111A /* dtmf-0.caf in Resources */ = {isa = PBXBuildFile; fileRef = 178C80BC1D65A72A0007111A /* dtmf-0.caf */; };
		178C80F91D65A72A0007111A /* dtmf-1.caf in Resources */ = {isa = PBXBuildFile; fileRef = 178C80BD1D65A72A0007111A /* dtmf-1.caf */; };
		178C80FA1D65A72A0007111A /* dtmf-2.caf in Resources */ = {isa = PBXBuildFile; fileRef = 178C80BE1D65A72A0007111A /* dtmf-2.caf */; };
		178C80FB1D65A72A0007111A /* dtmf-3.caf in Resources */ = {isa = PBXBuildFile; fileRef = 178C80BF1D65A72A0007111A /* dtmf-3.caf */; };
		178C80FC1D65A72A0007111A /* dtmf-4.caf in Resources */ = {isa = PBXBuildFile; fileRef = 178C80C01D65A72A0007111A /* dtmf-4.caf */; };
		178C80FD1D65A72A0007111A /* dtmf-5.caf in Resources */ = {isa = PBXBuildFile; fileRef = 178C80C11D65A72A0007111A /* dtmf-5.caf */; };
		178C80FE1D65A72A0007111A /* dtmf-6.caf in Resources */ = {isa = PBXBuildFile; fileRef = 178C80C21D65A72A0007111A /* dtmf-6.caf */; };
		178C80FF1D65A72A0007111A /* dtmf-7.caf in Resources */ = {isa = PBXBuildFile; fileRef = 178C80C31D65A72A0007111A /* dtmf-7.caf */; };
		178C81001D65A72A0007111A /* dtmf-8.caf in Resources */ = {isa = PBXBuildFile; fileRef = 178C80C41D65A72A0007111A /* dtmf-8.caf */; };
		178C81011D65A72A0007111A /* dtmf-9.caf in Resources */ = {isa = PBXBuildFile; fileRef = 178C80C51D65A72A0007111A /* dtmf-9.caf */; };
		178C81021D65A72A0007111A /* dtmf-pound.caf in Resources */ = {isa = PBXBuildFile; fileRef = 178C80C61D65A72A0007111A /* dtmf-pound.caf */; };
		178C81031D65A72A0007111A /* dtmf-star.caf in Resources */ = {isa = PBXBuildFile; fileRef = 178C80C71D65A72A0007111A /* dtmf-star.caf */; };
		178C81041D65A72A0007111A /* end_record.caf in Resources */ = {isa = PBXBuildFile; fileRef = 178C80C81D65A72A0007111A /* end_record.caf */; };
		178C81051D65A72A0007111A /* end_video_record.caf in Resources */ = {isa = PBXBuildFile; fileRef = 178C80C91D65A72A0007111A /* end_video_record.caf */; };
		178C81061D65A72A0007111A /* jbl_begin.caf in Resources */ = {isa = PBXBuildFile; fileRef = 178C80CA1D65A72A0007111A /* jbl_begin.caf */; };
		178C81071D65A72A0007111A /* jbl_cancel.caf in Resources */ = {isa = PBXBuildFile; fileRef = 178C80CB1D65A72A0007111A /* jbl_cancel.caf */; };
		178C81081D65A72A0007111A /* jbl_confirm.caf in Resources */ = {isa = PBXBuildFile; fileRef = 178C80CC1D65A72A0007111A /* jbl_confirm.caf */; };
		178C81091D65A72A0007111A /* lock.caf in Resources */ = {isa = PBXBuildFile; fileRef = 178C80CD1D65A72A0007111A /* lock.caf */; };
		178C810A1D65A72A0007111A /* low_power.caf in Resources */ = {isa = PBXBuildFile; fileRef = 178C80CE1D65A72A0007111A /* low_power.caf */; };
		178C810B1D65A72A0007111A /* mail-sent.caf in Resources */ = {isa = PBXBuildFile; fileRef = 178C80CF1D65A72A0007111A /* mail-sent.caf */; };
		178C810C1D65A72A0007111A /* new-mail.caf in Resources */ = {isa = PBXBuildFile; fileRef = 178C80D01D65A72A0007111A /* new-mail.caf */; };
		178C810D1D65A72A0007111A /* photoShutter.caf in Resources */ = {isa = PBXBuildFile; fileRef = 178C80D11D65A72A0007111A /* photoShutter.caf */; };
		178C810E1D65A72A0007111A /* ReceivedMessage.caf in Resources */ = {isa = PBXBuildFile; fileRef = 178C80D21D65A72A0007111A /* ReceivedMessage.caf */; };
		178C810F1D65A72A0007111A /* RingerChanged.caf in Resources */ = {isa = PBXBuildFile; fileRef = 178C80D31D65A72A0007111A /* RingerChanged.caf */; };
		178C81101D65A72A0007111A /* SentMessage.caf in Resources */ = {isa = PBXBuildFile; fileRef = 178C80D41D65A72A0007111A /* SentMessage.caf */; };
		178C81111D65A72A0007111A /* shake.caf in Resources */ = {isa = PBXBuildFile; fileRef = 178C80D51D65A72A0007111A /* shake.caf */; };
		178C81121D65A72A0007111A /* short_double_high.caf in Resources */ = {isa = PBXBuildFile; fileRef = 178C80D61D65A72A0007111A /* short_double_high.caf */; };
		178C81131D65A72A0007111A /* short_double_low.caf in Resources */ = {isa = PBXBuildFile; fileRef = 178C80D71D65A72A0007111A /* short_double_low.caf */; };
		178C81141D65A72A0007111A /* short_low_high.caf in Resources */ = {isa = PBXBuildFile; fileRef = 178C80D81D65A72A0007111A /* short_low_high.caf */; };
		178C81151D65A72A0007111A /* SIMToolkitCallDropped.caf in Resources */ = {isa = PBXBuildFile; fileRef = 178C80D91D65A72A0007111A /* SIMToolkitCallDropped.caf */; };
		178C81161D65A72A0007111A /* SIMToolkitGeneralBeep.caf in Resources */ = {isa = PBXBuildFile; fileRef = 178C80DA1D65A72A0007111A /* SIMToolkitGeneralBeep.caf */; };
		178C81171D65A72A0007111A /* SIMToolkitNegativeACK.caf in Resources */ = {isa = PBXBuildFile; fileRef = 178C80DB1D65A72A0007111A /* SIMToolkitNegativeACK.caf */; };
		178C81181D65A72A0007111A /* SIMToolkitPositiveACK.caf in Resources */ = {isa = PBXBuildFile; fileRef = 178C80DC1D65A72A0007111A /* SIMToolkitPositiveACK.caf */; };
		178C81191D65A72A0007111A /* SIMToolkitSMS.caf in Resources */ = {isa = PBXBuildFile; fileRef = 178C80DD1D65A72A0007111A /* SIMToolkitSMS.caf */; };
		178C811A1D65A72A0007111A /* sms-received1.caf in Resources */ = {isa = PBXBuildFile; fileRef = 178C80DE1D65A72A0007111A /* sms-received1.caf */; };
		178C811B1D65A72A0007111A /* sms-received2.caf in Resources */ = {isa = PBXBuildFile; fileRef = 178C80DF1D65A72A0007111A /* sms-received2.caf */; };
		178C811C1D65A72A0007111A /* sms-received3.caf in Resources */ = {isa = PBXBuildFile; fileRef = 178C80E01D65A72A0007111A /* sms-received3.caf */; };
		178C811D1D65A72A0007111A /* sms-received4.caf in Resources */ = {isa = PBXBuildFile; fileRef = 178C80E11D65A72A0007111A /* sms-received4.caf */; };
		178C811E1D65A72A0007111A /* sms-received5.caf in Resources */ = {isa = PBXBuildFile; fileRef = 178C80E21D65A72A0007111A /* sms-received5.caf */; };
		178C811F1D65A72A0007111A /* sms-received6.caf in Resources */ = {isa = PBXBuildFile; fileRef = 178C80E31D65A72A0007111A /* sms-received6.caf */; };
		178C81201D65A72A0007111A /* sq_alarm.caf in Resources */ = {isa = PBXBuildFile; fileRef = 178C80E41D65A72A0007111A /* sq_alarm.caf */; };
		178C81211D65A72A0007111A /* sq_beep-beep.caf in Resources */ = {isa = PBXBuildFile; fileRef = 178C80E51D65A72A0007111A /* sq_beep-beep.caf */; };
		178C81221D65A72A0007111A /* sq_lock.caf in Resources */ = {isa = PBXBuildFile; fileRef = 178C80E61D65A72A0007111A /* sq_lock.caf */; };
		178C81231D65A72A0007111A /* sq_tock.caf in Resources */ = {isa = PBXBuildFile; fileRef = 178C80E71D65A72A0007111A /* sq_tock.caf */; };
		178C81241D65A72A0007111A /* Tink.caf in Resources */ = {isa = PBXBuildFile; fileRef = 178C80E81D65A72A0007111A /* Tink.caf */; };
		178C81251D65A72A0007111A /* Tock.caf in Resources */ = {isa = PBXBuildFile; fileRef = 178C80E91D65A72A0007111A /* Tock.caf */; };
		178C81261D65A72A0007111A /* unlock.caf in Resources */ = {isa = PBXBuildFile; fileRef = 178C80EA1D65A72A0007111A /* unlock.caf */; };
		178C81271D65A72A0007111A /* vc~ended.caf in Resources */ = {isa = PBXBuildFile; fileRef = 178C80EB1D65A72A0007111A /* vc~ended.caf */; };
		178C81281D65A72A0007111A /* vc~ringing.caf in Resources */ = {isa = PBXBuildFile; fileRef = 178C80EC1D65A72A0007111A /* vc~ringing.caf */; };
		178C81291D65A72A0007111A /* Voicemail.caf in Resources */ = {isa = PBXBuildFile; fileRef = 178C80ED1D65A72A0007111A /* Voicemail.caf */; };
		179966F01D6A92FE006BB3BF /* ProgressHUD.bundle in Resources */ = {isa = PBXBuildFile; fileRef = 179966ED1D6A92FE006BB3BF /* ProgressHUD.bundle */; };
		179966F11D6A92FE006BB3BF /* ProgressHUD.m in Sources */ = {isa = PBXBuildFile; fileRef = 179966EF1D6A92FE006BB3BF /* ProgressHUD.m */; };
		179967031D6A9323006BB3BF /* bitstream.c in Sources */ = {isa = PBXBuildFile; fileRef = 179966F31D6A9323006BB3BF /* bitstream.c */; };
		179967041D6A9323006BB3BF /* mask.c in Sources */ = {isa = PBXBuildFile; fileRef = 179966F51D6A9323006BB3BF /* mask.c */; };
		179967051D6A9323006BB3BF /* QRCodeGenerator.m in Sources */ = {isa = PBXBuildFile; fileRef = 179966F81D6A9323006BB3BF /* QRCodeGenerator.m */; };
		179967061D6A9323006BB3BF /* qrencode.c in Sources */ = {isa = PBXBuildFile; fileRef = 179966F91D6A9323006BB3BF /* qrencode.c */; };
		179967071D6A9323006BB3BF /* qrinput.c in Sources */ = {isa = PBXBuildFile; fileRef = 179966FB1D6A9323006BB3BF /* qrinput.c */; };
		179967081D6A9323006BB3BF /* qrspec.c in Sources */ = {isa = PBXBuildFile; fileRef = 179966FD1D6A9323006BB3BF /* qrspec.c */; };
		179967091D6A9323006BB3BF /* rscode.c in Sources */ = {isa = PBXBuildFile; fileRef = 179966FF1D6A9323006BB3BF /* rscode.c */; };
		1799670A1D6A9323006BB3BF /* split.c in Sources */ = {isa = PBXBuildFile; fileRef = 179967011D6A9323006BB3BF /* split.c */; };
		179967141D6A9477006BB3BF /* HomeController.m in Sources */ = {isa = PBXBuildFile; fileRef = 1799670D1D6A9477006BB3BF /* HomeController.m */; };
		179967151D6A9477006BB3BF /* productClassViewController.m in Sources */ = {isa = PBXBuildFile; fileRef = 1799670F1D6A9477006BB3BF /* productClassViewController.m */; };
		179967161D6A9477006BB3BF /* productClassCollectionViewCell.m in Sources */ = {isa = PBXBuildFile; fileRef = 179967121D6A9477006BB3BF /* productClassCollectionViewCell.m */; };
		179967171D6A9477006BB3BF /* productClassCollectionViewCell.xib in Resources */ = {isa = PBXBuildFile; fileRef = 179967131D6A9477006BB3BF /* productClassCollectionViewCell.xib */; };
		1799671B1D6A947C006BB3BF /* fishController.m in Sources */ = {isa = PBXBuildFile; fileRef = 1799671A1D6A947C006BB3BF /* fishController.m */; };
		1799671F1D6A9484006BB3BF /* messageController.m in Sources */ = {isa = PBXBuildFile; fileRef = 1799671E1D6A9484006BB3BF /* messageController.m */; };
		179967231D6A9489006BB3BF /* meController.m in Sources */ = {isa = PBXBuildFile; fileRef = 179967221D6A9489006BB3BF /* meController.m */; };
		179967271D6A9494006BB3BF /* ZZWViewController.m in Sources */ = {isa = PBXBuildFile; fileRef = 179967261D6A9494006BB3BF /* ZZWViewController.m */; };
		1799672B1D6A9499006BB3BF /* ZZWNavViewController.m in Sources */ = {isa = PBXBuildFile; fileRef = 1799672A1D6A9499006BB3BF /* ZZWNavViewController.m */; };
		179967321D6A94A1006BB3BF /* AppDelegate.m in Sources */ = {isa = PBXBuildFile; fileRef = 1799672E1D6A94A1006BB3BF /* AppDelegate.m */; };
		179967331D6A94A1006BB3BF /* Info.plist in Resources */ = {isa = PBXBuildFile; fileRef = 1799672F1D6A94A1006BB3BF /* Info.plist */; };
		179967341D6A94A1006BB3BF /* main.m in Sources */ = {isa = PBXBuildFile; fileRef = 179967301D6A94A1006BB3BF /* main.m */; };
		1799673E1D6A94B3006BB3BF /* CustomTabBarViewController.m in Sources */ = {isa = PBXBuildFile; fileRef = 179967371D6A94B3006BB3BF /* CustomTabBarViewController.m */; };
		1799673F1D6A94B3006BB3BF /* zzwItemButton.m in Sources */ = {isa = PBXBuildFile; fileRef = 179967391D6A94B3006BB3BF /* zzwItemButton.m */; };
		179967401D6A94B3006BB3BF /* zzwPlusButton.m in Sources */ = {isa = PBXBuildFile; fileRef = 1799673B1D6A94B3006BB3BF /* zzwPlusButton.m */; };
		179967411D6A94B3006BB3BF /* zzwTabbar.m in Sources */ = {isa = PBXBuildFile; fileRef = 1799673D1D6A94B3006BB3BF /* zzwTabbar.m */; };
		1799674B1D6A957F006BB3BF /* UIBarButtonItem+myAdd.m in Sources */ = {isa = PBXBuildFile; fileRef = 179967441D6A957F006BB3BF /* UIBarButtonItem+myAdd.m */; };
		1799674C1D6A957F006BB3BF /* UIImage+Extension.m in Sources */ = {isa = PBXBuildFile; fileRef = 179967461D6A957F006BB3BF /* UIImage+Extension.m */; };
		1799674D1D6A957F006BB3BF /* UIImage+Image.m in Sources */ = {isa = PBXBuildFile; fileRef = 179967481D6A957F006BB3BF /* UIImage+Image.m */; };
		1799674E1D6A957F006BB3BF /* UIView+LBExtension.m in Sources */ = {isa = PBXBuildFile; fileRef = 1799674A1D6A957F006BB3BF /* UIView+LBExtension.m */; };
		179967841D6AB1AC006BB3BF /* ZZWGlobal.m in Sources */ = {isa = PBXBuildFile; fileRef = 179967831D6AB1AC006BB3BF /* ZZWGlobal.m */; };
		17B52C871D6BFAB900391A8F /* ZZWCircleProgressButton.m in Sources */ = {isa = PBXBuildFile; fileRef = 17B52C861D6BFAB900391A8F /* ZZWCircleProgressButton.m */; };
		17B52C8A1D6BFF0100391A8F /* QSCADSplashView.m in Sources */ = {isa = PBXBuildFile; fileRef = 17B52C891D6BFF0100391A8F /* QSCADSplashView.m */; };
		17B52C8C1D6C1FFF00391A8F /* Images.xcassets in Resources */ = {isa = PBXBuildFile; fileRef = 17B52C8B1D6C1FFF00391A8F /* Images.xcassets */; };
		AE80A088D771A42BEEA898A5 /* libPods-Zhang_tabBar.a in Frameworks */ = {isa = PBXBuildFile; fileRef = FA88892239DDD45A086926B5 /* libPods-Zhang_tabBar.a */; };
/* End PBXBuildFile section */

/* Begin PBXContainerItemProxy section */
		176C314D1D6404060040EC60 /* PBXContainerItemProxy */ = {
			isa = PBXContainerItemProxy;
			containerPortal = 176C31281D6404060040EC60 /* Project object */;
			proxyType = 1;
			remoteGlobalIDString = 176C312F1D6404060040EC60;
			remoteInfo = Zhang_tabBar;
		};
		176C31581D6404060040EC60 /* PBXContainerItemProxy */ = {
			isa = PBXContainerItemProxy;
			containerPortal = 176C31281D6404060040EC60 /* Project object */;
			proxyType = 1;
			remoteGlobalIDString = 176C312F1D6404060040EC60;
			remoteInfo = Zhang_tabBar;
		};
/* End PBXContainerItemProxy section */

/* Begin PBXFileReference section */
		174A870B1D6ADF600048EFE5 /* Assets.xcassets */ = {isa = PBXFileReference; lastKnownFileType = folder.assetcatalog; path = Assets.xcassets; sourceTree = "<group>"; };
		174A870F1D6AE73D0048EFE5 /* productClassModel.h */ = {isa = PBXFileReference; fileEncoding = 4; lastKnownFileType = sourcecode.c.h; path = productClassModel.h; sourceTree = "<group>"; };
		174A87101D6AE73D0048EFE5 /* productClassModel.m */ = {isa = PBXFileReference; fileEncoding = 4; lastKnownFileType = sourcecode.c.objc; path = productClassModel.m; sourceTree = "<group>"; };
		176C31301D6404060040EC60 /* Zhang_tabBar.app */ = {isa = PBXFileReference; explicitFileType = wrapper.application; includeInIndex = 0; path = Zhang_tabBar.app; sourceTree = BUILT_PRODUCTS_DIR; };
		176C31401D6404060040EC60 /* Base */ = {isa = PBXFileReference; lastKnownFileType = file.storyboard; name = Base; path = Base.lproj/Main.storyboard; sourceTree = "<group>"; };
		176C31451D6404060040EC60 /* Base */ = {isa = PBXFileReference; lastKnownFileType = file.storyboard; name = Base; path = Base.lproj/LaunchScreen.storyboard; sourceTree = "<group>"; };
		176C314C1D6404060040EC60 /* Zhang_tabBarTests.xctest */ = {isa = PBXFileReference; explicitFileType = wrapper.cfbundle; includeInIndex = 0; path = Zhang_tabBarTests.xctest; sourceTree = BUILT_PRODUCTS_DIR; };
		176C31501D6404060040EC60 /* Zhang_tabBarTests.m */ = {isa = PBXFileReference; lastKnownFileType = sourcecode.c.objc; path = Zhang_tabBarTests.m; sourceTree = "<group>"; };
		176C31521D6404060040EC60 /* Info.plist */ = {isa = PBXFileReference; lastKnownFileType = text.plist.xml; path = Info.plist; sourceTree = "<group>"; };
		176C31571D6404060040EC60 /* Zhang_tabBarUITests.xctest */ = {isa = PBXFileReference; explicitFileType = wrapper.cfbundle; includeInIndex = 0; path = Zhang_tabBarUITests.xctest; sourceTree = BUILT_PRODUCTS_DIR; };
		176C315B1D6404060040EC60 /* Zhang_tabBarUITests.m */ = {isa = PBXFileReference; lastKnownFileType = sourcecode.c.objc; path = Zhang_tabBarUITests.m; sourceTree = "<group>"; };
		176C315D1D6404060040EC60 /* Info.plist */ = {isa = PBXFileReference; lastKnownFileType = text.plist.xml; path = Info.plist; sourceTree = "<group>"; };
		178C80B21D65A72A0007111A /* alarm.caf */ = {isa = PBXFileReference; lastKnownFileType = file; path = alarm.caf; sourceTree = "<group>"; };
		178C80B31D65A72A0007111A /* beep-beep.caf */ = {isa = PBXFileReference; lastKnownFileType = file; path = "beep-beep.caf"; sourceTree = "<group>"; };
		178C80B41D65A72A0007111A /* begin_record.caf */ = {isa = PBXFileReference; lastKnownFileType = file; path = begin_record.caf; sourceTree = "<group>"; };
		178C80B51D65A72A0007111A /* begin_video_record.caf */ = {isa = PBXFileReference; lastKnownFileType = file; path = begin_video_record.caf; sourceTree = "<group>"; };
		178C80B61D65A72A0007111A /* ct-busy.caf */ = {isa = PBXFileReference; lastKnownFileType = file; path = "ct-busy.caf"; sourceTree = "<group>"; };
		178C80B71D65A72A0007111A /* ct-call-waiting.caf */ = {isa = PBXFileReference; lastKnownFileType = file; path = "ct-call-waiting.caf"; sourceTree = "<group>"; };
		178C80B81D65A72A0007111A /* ct-congestion.caf */ = {isa = PBXFileReference; lastKnownFileType = file; path = "ct-congestion.caf"; sourceTree = "<group>"; };
		178C80B91D65A72A0007111A /* ct-error.caf */ = {isa = PBXFileReference; lastKnownFileType = file; path = "ct-error.caf"; sourceTree = "<group>"; };
		178C80BA1D65A72A0007111A /* ct-keytone2.caf */ = {isa = PBXFileReference; lastKnownFileType = file; path = "ct-keytone2.caf"; sourceTree = "<group>"; };
		178C80BB1D65A72A0007111A /* ct-path-ack.caf */ = {isa = PBXFileReference; lastKnownFileType = file; path = "ct-path-ack.caf"; sourceTree = "<group>"; };
		178C80BC1D65A72A0007111A /* dtmf-0.caf */ = {isa = PBXFileReference; lastKnownFileType = file; path = "dtmf-0.caf"; sourceTree = "<group>"; };
		178C80BD1D65A72A0007111A /* dtmf-1.caf */ = {isa = PBXFileReference; lastKnownFileType = file; path = "dtmf-1.caf"; sourceTree = "<group>"; };
		178C80BE1D65A72A0007111A /* dtmf-2.caf */ = {isa = PBXFileReference; lastKnownFileType = file; path = "dtmf-2.caf"; sourceTree = "<group>"; };
		178C80BF1D65A72A0007111A /* dtmf-3.caf */ = {isa = PBXFileReference; lastKnownFileType = file; path = "dtmf-3.caf"; sourceTree = "<group>"; };
		178C80C01D65A72A0007111A /* dtmf-4.caf */ = {isa = PBXFileReference; lastKnownFileType = file; path = "dtmf-4.caf"; sourceTree = "<group>"; };
		178C80C11D65A72A0007111A /* dtmf-5.caf */ = {isa = PBXFileReference; lastKnownFileType = file; path = "dtmf-5.caf"; sourceTree = "<group>"; };
		178C80C21D65A72A0007111A /* dtmf-6.caf */ = {isa = PBXFileReference; lastKnownFileType = file; path = "dtmf-6.caf"; sourceTree = "<group>"; };
		178C80C31D65A72A0007111A /* dtmf-7.caf */ = {isa = PBXFileReference; lastKnownFileType = file; path = "dtmf-7.caf"; sourceTree = "<group>"; };
		178C80C41D65A72A0007111A /* dtmf-8.caf */ = {isa = PBXFileReference; lastKnownFileType = file; path = "dtmf-8.caf"; sourceTree = "<group>"; };
		178C80C51D65A72A0007111A /* dtmf-9.caf */ = {isa = PBXFileReference; lastKnownFileType = file; path = "dtmf-9.caf"; sourceTree = "<group>"; };
		178C80C61D65A72A0007111A /* dtmf-pound.caf */ = {isa = PBXFileReference; lastKnownFileType = file; path = "dtmf-pound.caf"; sourceTree = "<group>"; };
		178C80C71D65A72A0007111A /* dtmf-star.caf */ = {isa = PBXFileReference; lastKnownFileType = file; path = "dtmf-star.caf"; sourceTree = "<group>"; };
		178C80C81D65A72A0007111A /* end_record.caf */ = {isa = PBXFileReference; lastKnownFileType = file; path = end_record.caf; sourceTree = "<group>"; };
		178C80C91D65A72A0007111A /* end_video_record.caf */ = {isa = PBXFileReference; lastKnownFileType = file; path = end_video_record.caf; sourceTree = "<group>"; };
		178C80CA1D65A72A0007111A /* jbl_begin.caf */ = {isa = PBXFileReference; lastKnownFileType = file; path = jbl_begin.caf; sourceTree = "<group>"; };
		178C80CB1D65A72A0007111A /* jbl_cancel.caf */ = {isa = PBXFileReference; lastKnownFileType = file; path = jbl_cancel.caf; sourceTree = "<group>"; };
		178C80CC1D65A72A0007111A /* jbl_confirm.caf */ = {isa = PBXFileReference; lastKnownFileType = file; path = jbl_confirm.caf; sourceTree = "<group>"; };
		178C80CD1D65A72A0007111A /* lock.caf */ = {isa = PBXFileReference; lastKnownFileType = file; path = lock.caf; sourceTree = "<group>"; };
		178C80CE1D65A72A0007111A /* low_power.caf */ = {isa = PBXFileReference; lastKnownFileType = file; path = low_power.caf; sourceTree = "<group>"; };
		178C80CF1D65A72A0007111A /* mail-sent.caf */ = {isa = PBXFileReference; lastKnownFileType = file; path = "mail-sent.caf"; sourceTree = "<group>"; };
		178C80D01D65A72A0007111A /* new-mail.caf */ = {isa = PBXFileReference; lastKnownFileType = file; path = "new-mail.caf"; sourceTree = "<group>"; };
		178C80D11D65A72A0007111A /* photoShutter.caf */ = {isa = PBXFileReference; lastKnownFileType = file; path = photoShutter.caf; sourceTree = "<group>"; };
		178C80D21D65A72A0007111A /* ReceivedMessage.caf */ = {isa = PBXFileReference; lastKnownFileType = file; path = ReceivedMessage.caf; sourceTree = "<group>"; };
		178C80D31D65A72A0007111A /* RingerChanged.caf */ = {isa = PBXFileReference; lastKnownFileType = file; path = RingerChanged.caf; sourceTree = "<group>"; };
		178C80D41D65A72A0007111A /* SentMessage.caf */ = {isa = PBXFileReference; lastKnownFileType = file; path = SentMessage.caf; sourceTree = "<group>"; };
		178C80D51D65A72A0007111A /* shake.caf */ = {isa = PBXFileReference; lastKnownFileType = file; path = shake.caf; sourceTree = "<group>"; };
		178C80D61D65A72A0007111A /* short_double_high.caf */ = {isa = PBXFileReference; lastKnownFileType = file; path = short_double_high.caf; sourceTree = "<group>"; };
		178C80D71D65A72A0007111A /* short_double_low.caf */ = {isa = PBXFileReference; lastKnownFileType = file; path = short_double_low.caf; sourceTree = "<group>"; };
		178C80D81D65A72A0007111A /* short_low_high.caf */ = {isa = PBXFileReference; lastKnownFileType = file; path = short_low_high.caf; sourceTree = "<group>"; };
		178C80D91D65A72A0007111A /* SIMToolkitCallDropped.caf */ = {isa = PBXFileReference; lastKnownFileType = file; path = SIMToolkitCallDropped.caf; sourceTree = "<group>"; };
		178C80DA1D65A72A0007111A /* SIMToolkitGeneralBeep.caf */ = {isa = PBXFileReference; lastKnownFileType = file; path = SIMToolkitGeneralBeep.caf; sourceTree = "<group>"; };
		178C80DB1D65A72A0007111A /* SIMToolkitNegativeACK.caf */ = {isa = PBXFileReference; lastKnownFileType = file; path = SIMToolkitNegativeACK.caf; sourceTree = "<group>"; };
		178C80DC1D65A72A0007111A /* SIMToolkitPositiveACK.caf */ = {isa = PBXFileReference; lastKnownFileType = file; path = SIMToolkitPositiveACK.caf; sourceTree = "<group>"; };
		178C80DD1D65A72A0007111A /* SIMToolkitSMS.caf */ = {isa = PBXFileReference; lastKnownFileType = file; path = SIMToolkitSMS.caf; sourceTree = "<group>"; };
		178C80DE1D65A72A0007111A /* sms-received1.caf */ = {isa = PBXFileReference; lastKnownFileType = file; path = "sms-received1.caf"; sourceTree = "<group>"; };
		178C80DF1D65A72A0007111A /* sms-received2.caf */ = {isa = PBXFileReference; lastKnownFileType = file; path = "sms-received2.caf"; sourceTree = "<group>"; };
		178C80E01D65A72A0007111A /* sms-received3.caf */ = {isa = PBXFileReference; lastKnownFileType = file; path = "sms-received3.caf"; sourceTree = "<group>"; };
		178C80E11D65A72A0007111A /* sms-received4.caf */ = {isa = PBXFileReference; lastKnownFileType = file; path = "sms-received4.caf"; sourceTree = "<group>"; };
		178C80E21D65A72A0007111A /* sms-received5.caf */ = {isa = PBXFileReference; lastKnownFileType = file; path = "sms-received5.caf"; sourceTree = "<group>"; };
		178C80E31D65A72A0007111A /* sms-received6.caf */ = {isa = PBXFileReference; lastKnownFileType = file; path = "sms-received6.caf"; sourceTree = "<group>"; };
		178C80E41D65A72A0007111A /* sq_alarm.caf */ = {isa = PBXFileReference; lastKnownFileType = file; path = sq_alarm.caf; sourceTree = "<group>"; };
		178C80E51D65A72A0007111A /* sq_beep-beep.caf */ = {isa = PBXFileReference; lastKnownFileType = file; path = "sq_beep-beep.caf"; sourceTree = "<group>"; };
		178C80E61D65A72A0007111A /* sq_lock.caf */ = {isa = PBXFileReference; lastKnownFileType = file; path = sq_lock.caf; sourceTree = "<group>"; };
		178C80E71D65A72A0007111A /* sq_tock.caf */ = {isa = PBXFileReference; lastKnownFileType = file; path = sq_tock.caf; sourceTree = "<group>"; };
		178C80E81D65A72A0007111A /* Tink.caf */ = {isa = PBXFileReference; lastKnownFileType = file; path = Tink.caf; sourceTree = "<group>"; };
		178C80E91D65A72A0007111A /* Tock.caf */ = {isa = PBXFileReference; lastKnownFileType = file; path = Tock.caf; sourceTree = "<group>"; };
		178C80EA1D65A72A0007111A /* unlock.caf */ = {isa = PBXFileReference; lastKnownFileType = file; path = unlock.caf; sourceTree = "<group>"; };
		178C80EB1D65A72A0007111A /* vc~ended.caf */ = {isa = PBXFileReference; lastKnownFileType = file; path = "vc~ended.caf"; sourceTree = "<group>"; };
		178C80EC1D65A72A0007111A /* vc~ringing.caf */ = {isa = PBXFileReference; lastKnownFileType = file; path = "vc~ringing.caf"; sourceTree = "<group>"; };
		178C80ED1D65A72A0007111A /* Voicemail.caf */ = {isa = PBXFileReference; lastKnownFileType = file; path = Voicemail.caf; sourceTree = "<group>"; };
		179966ED1D6A92FE006BB3BF /* ProgressHUD.bundle */ = {isa = PBXFileReference; lastKnownFileType = "wrapper.plug-in"; path = ProgressHUD.bundle; sourceTree = "<group>"; };
		179966EE1D6A92FE006BB3BF /* ProgressHUD.h */ = {isa = PBXFileReference; fileEncoding = 4; lastKnownFileType = sourcecode.c.h; path = ProgressHUD.h; sourceTree = "<group>"; };
		179966EF1D6A92FE006BB3BF /* ProgressHUD.m */ = {isa = PBXFileReference; fileEncoding = 4; lastKnownFileType = sourcecode.c.objc; path = ProgressHUD.m; sourceTree = "<group>"; };
		179966F31D6A9323006BB3BF /* bitstream.c */ = {isa = PBXFileReference; fileEncoding = 4; lastKnownFileType = sourcecode.c.c; path = bitstream.c; sourceTree = "<group>"; };
		179966F41D6A9323006BB3BF /* bitstream.h */ = {isa = PBXFileReference; fileEncoding = 4; lastKnownFileType = sourcecode.c.h; path = bitstream.h; sourceTree = "<group>"; };
		179966F51D6A9323006BB3BF /* mask.c */ = {isa = PBXFileReference; fileEncoding = 4; lastKnownFileType = sourcecode.c.c; path = mask.c; sourceTree = "<group>"; };
		179966F61D6A9323006BB3BF /* mask.h */ = {isa = PBXFileReference; fileEncoding = 4; lastKnownFileType = sourcecode.c.h; path = mask.h; sourceTree = "<group>"; };
		179966F71D6A9323006BB3BF /* QRCodeGenerator.h */ = {isa = PBXFileReference; fileEncoding = 4; lastKnownFileType = sourcecode.c.h; path = QRCodeGenerator.h; sourceTree = "<group>"; };
		179966F81D6A9323006BB3BF /* QRCodeGenerator.m */ = {isa = PBXFileReference; fileEncoding = 4; lastKnownFileType = sourcecode.c.objc; path = QRCodeGenerator.m; sourceTree = "<group>"; };
		179966F91D6A9323006BB3BF /* qrencode.c */ = {isa = PBXFileReference; fileEncoding = 4; lastKnownFileType = sourcecode.c.c; path = qrencode.c; sourceTree = "<group>"; };
		179966FA1D6A9323006BB3BF /* qrencode.h */ = {isa = PBXFileReference; fileEncoding = 4; lastKnownFileType = sourcecode.c.h; path = qrencode.h; sourceTree = "<group>"; };
		179966FB1D6A9323006BB3BF /* qrinput.c */ = {isa = PBXFileReference; fileEncoding = 4; lastKnownFileType = sourcecode.c.c; path = qrinput.c; sourceTree = "<group>"; };
		179966FC1D6A9323006BB3BF /* qrinput.h */ = {isa = PBXFileReference; fileEncoding = 4; lastKnownFileType = sourcecode.c.h; path = qrinput.h; sourceTree = "<group>"; };
		179966FD1D6A9323006BB3BF /* qrspec.c */ = {isa = PBXFileReference; fileEncoding = 4; lastKnownFileType = sourcecode.c.c; path = qrspec.c; sourceTree = "<group>"; };
		179966FE1D6A9323006BB3BF /* qrspec.h */ = {isa = PBXFileReference; fileEncoding = 4; lastKnownFileType = sourcecode.c.h; path = qrspec.h; sourceTree = "<group>"; };
		179966FF1D6A9323006BB3BF /* rscode.c */ = {isa = PBXFileReference; fileEncoding = 4; lastKnownFileType = sourcecode.c.c; path = rscode.c; sourceTree = "<group>"; };
		179967001D6A9323006BB3BF /* rscode.h */ = {isa = PBXFileReference; fileEncoding = 4; lastKnownFileType = sourcecode.c.h; path = rscode.h; sourceTree = "<group>"; };
		179967011D6A9323006BB3BF /* split.c */ = {isa = PBXFileReference; fileEncoding = 4; lastKnownFileType = sourcecode.c.c; path = split.c; sourceTree = "<group>"; };
		179967021D6A9323006BB3BF /* split.h */ = {isa = PBXFileReference; fileEncoding = 4; lastKnownFileType = sourcecode.c.h; path = split.h; sourceTree = "<group>"; };
		1799670C1D6A9477006BB3BF /* HomeController.h */ = {isa = PBXFileReference; fileEncoding = 4; lastKnownFileType = sourcecode.c.h; path = HomeController.h; sourceTree = "<group>"; };
		1799670D1D6A9477006BB3BF /* HomeController.m */ = {isa = PBXFileReference; fileEncoding = 4; lastKnownFileType = sourcecode.c.objc; path = HomeController.m; sourceTree = "<group>"; };
		1799670E1D6A9477006BB3BF /* productClassViewController.h */ = {isa = PBXFileReference; fileEncoding = 4; lastKnownFileType = sourcecode.c.h; path = productClassViewController.h; sourceTree = "<group>"; };
		1799670F1D6A9477006BB3BF /* productClassViewController.m */ = {isa = PBXFileReference; fileEncoding = 4; lastKnownFileType = sourcecode.c.objc; path = productClassViewController.m; sourceTree = "<group>"; };
		179967111D6A9477006BB3BF /* productClassCollectionViewCell.h */ = {isa = PBXFileReference; fileEncoding = 4; lastKnownFileType = sourcecode.c.h; path = productClassCollectionViewCell.h; sourceTree = "<group>"; };
		179967121D6A9477006BB3BF /* productClassCollectionViewCell.m */ = {isa = PBXFileReference; fileEncoding = 4; lastKnownFileType = sourcecode.c.objc; path = productClassCollectionViewCell.m; sourceTree = "<group>"; };
		179967131D6A9477006BB3BF /* productClassCollectionViewCell.xib */ = {isa = PBXFileReference; fileEncoding = 4; lastKnownFileType = file.xib; path = productClassCollectionViewCell.xib; sourceTree = "<group>"; };
		179967191D6A947C006BB3BF /* fishController.h */ = {isa = PBXFileReference; fileEncoding = 4; lastKnownFileType = sourcecode.c.h; path = fishController.h; sourceTree = "<group>"; };
		1799671A1D6A947C006BB3BF /* fishController.m */ = {isa = PBXFileReference; fileEncoding = 4; lastKnownFileType = sourcecode.c.objc; path = fishController.m; sourceTree = "<group>"; };
		1799671D1D6A9484006BB3BF /* messageController.h */ = {isa = PBXFileReference; fileEncoding = 4; lastKnownFileType = sourcecode.c.h; path = messageController.h; sourceTree = "<group>"; };
		1799671E1D6A9484006BB3BF /* messageController.m */ = {isa = PBXFileReference; fileEncoding = 4; lastKnownFileType = sourcecode.c.objc; path = messageController.m; sourceTree = "<group>"; };
		179967211D6A9489006BB3BF /* meController.h */ = {isa = PBXFileReference; fileEncoding = 4; lastKnownFileType = sourcecode.c.h; path = meController.h; sourceTree = "<group>"; };
		179967221D6A9489006BB3BF /* meController.m */ = {isa = PBXFileReference; fileEncoding = 4; lastKnownFileType = sourcecode.c.objc; path = meController.m; sourceTree = "<group>"; };
		179967251D6A9494006BB3BF /* ZZWViewController.h */ = {isa = PBXFileReference; fileEncoding = 4; lastKnownFileType = sourcecode.c.h; path = ZZWViewController.h; sourceTree = "<group>"; };
		179967261D6A9494006BB3BF /* ZZWViewController.m */ = {isa = PBXFileReference; fileEncoding = 4; lastKnownFileType = sourcecode.c.objc; path = ZZWViewController.m; sourceTree = "<group>"; };
		179967291D6A9499006BB3BF /* ZZWNavViewController.h */ = {isa = PBXFileReference; fileEncoding = 4; lastKnownFileType = sourcecode.c.h; path = ZZWNavViewController.h; sourceTree = "<group>"; };
		1799672A1D6A9499006BB3BF /* ZZWNavViewController.m */ = {isa = PBXFileReference; fileEncoding = 4; lastKnownFileType = sourcecode.c.objc; path = ZZWNavViewController.m; sourceTree = "<group>"; };
		1799672D1D6A94A1006BB3BF /* AppDelegate.h */ = {isa = PBXFileReference; fileEncoding = 4; lastKnownFileType = sourcecode.c.h; path = AppDelegate.h; sourceTree = "<group>"; };
		1799672E1D6A94A1006BB3BF /* AppDelegate.m */ = {isa = PBXFileReference; fileEncoding = 4; lastKnownFileType = sourcecode.c.objc; path = AppDelegate.m; sourceTree = "<group>"; };
		1799672F1D6A94A1006BB3BF /* Info.plist */ = {isa = PBXFileReference; fileEncoding = 4; lastKnownFileType = text.plist.xml; path = Info.plist; sourceTree = "<group>"; };
		179967301D6A94A1006BB3BF /* main.m */ = {isa = PBXFileReference; fileEncoding = 4; lastKnownFileType = sourcecode.c.objc; path = main.m; sourceTree = "<group>"; };
		179967311D6A94A1006BB3BF /* ZZW_Project.pch */ = {isa = PBXFileReference; fileEncoding = 4; lastKnownFileType = sourcecode.c.h; path = ZZW_Project.pch; sourceTree = "<group>"; };
		179967361D6A94B3006BB3BF /* CustomTabBarViewController.h */ = {isa = PBXFileReference; fileEncoding = 4; lastKnownFileType = sourcecode.c.h; path = CustomTabBarViewController.h; sourceTree = "<group>"; };
		179967371D6A94B3006BB3BF /* CustomTabBarViewController.m */ = {isa = PBXFileReference; fileEncoding = 4; lastKnownFileType = sourcecode.c.objc; path = CustomTabBarViewController.m; sourceTree = "<group>"; };
		179967381D6A94B3006BB3BF /* zzwItemButton.h */ = {isa = PBXFileReference; fileEncoding = 4; lastKnownFileType = sourcecode.c.h; path = zzwItemButton.h; sourceTree = "<group>"; };
		179967391D6A94B3006BB3BF /* zzwItemButton.m */ = {isa = PBXFileReference; fileEncoding = 4; lastKnownFileType = sourcecode.c.objc; path = zzwItemButton.m; sourceTree = "<group>"; };
		1799673A1D6A94B3006BB3BF /* zzwPlusButton.h */ = {isa = PBXFileReference; fileEncoding = 4; lastKnownFileType = sourcecode.c.h; path = zzwPlusButton.h; sourceTree = "<group>"; };
		1799673B1D6A94B3006BB3BF /* zzwPlusButton.m */ = {isa = PBXFileReference; fileEncoding = 4; lastKnownFileType = sourcecode.c.objc; path = zzwPlusButton.m; sourceTree = "<group>"; };
		1799673C1D6A94B3006BB3BF /* zzwTabbar.h */ = {isa = PBXFileReference; fileEncoding = 4; lastKnownFileType = sourcecode.c.h; path = zzwTabbar.h; sourceTree = "<group>"; };
		1799673D1D6A94B3006BB3BF /* zzwTabbar.m */ = {isa = PBXFileReference; fileEncoding = 4; lastKnownFileType = sourcecode.c.objc; path = zzwTabbar.m; sourceTree = "<group>"; };
		179967431D6A957F006BB3BF /* UIBarButtonItem+myAdd.h */ = {isa = PBXFileReference; fileEncoding = 4; lastKnownFileType = sourcecode.c.h; path = "UIBarButtonItem+myAdd.h"; sourceTree = "<group>"; };
		179967441D6A957F006BB3BF /* UIBarButtonItem+myAdd.m */ = {isa = PBXFileReference; fileEncoding = 4; lastKnownFileType = sourcecode.c.objc; path = "UIBarButtonItem+myAdd.m"; sourceTree = "<group>"; };
		179967451D6A957F006BB3BF /* UIImage+Extension.h */ = {isa = PBXFileReference; fileEncoding = 4; lastKnownFileType = sourcecode.c.h; path = "UIImage+Extension.h"; sourceTree = "<group>"; };
		179967461D6A957F006BB3BF /* UIImage+Extension.m */ = {isa = PBXFileReference; fileEncoding = 4; lastKnownFileType = sourcecode.c.objc; path = "UIImage+Extension.m"; sourceTree = "<group>"; };
		179967471D6A957F006BB3BF /* UIImage+Image.h */ = {isa = PBXFileReference; fileEncoding = 4; lastKnownFileType = sourcecode.c.h; path = "UIImage+Image.h"; sourceTree = "<group>"; };
		179967481D6A957F006BB3BF /* UIImage+Image.m */ = {isa = PBXFileReference; fileEncoding = 4; lastKnownFileType = sourcecode.c.objc; path = "UIImage+Image.m"; sourceTree = "<group>"; };
		179967491D6A957F006BB3BF /* UIView+LBExtension.h */ = {isa = PBXFileReference; fileEncoding = 4; lastKnownFileType = sourcecode.c.h; path = "UIView+LBExtension.h"; sourceTree = "<group>"; };
		1799674A1D6A957F006BB3BF /* UIView+LBExtension.m */ = {isa = PBXFileReference; fileEncoding = 4; lastKnownFileType = sourcecode.c.objc; path = "UIView+LBExtension.m"; sourceTree = "<group>"; };
		179967821D6AB1AC006BB3BF /* ZZWGlobal.h */ = {isa = PBXFileReference; fileEncoding = 4; lastKnownFileType = sourcecode.c.h; path = ZZWGlobal.h; sourceTree = "<group>"; };
		179967831D6AB1AC006BB3BF /* ZZWGlobal.m */ = {isa = PBXFileReference; fileEncoding = 4; lastKnownFileType = sourcecode.c.objc; path = ZZWGlobal.m; sourceTree = "<group>"; };
		17B52C851D6BFAB900391A8F /* ZZWCircleProgressButton.h */ = {isa = PBXFileReference; fileEncoding = 4; lastKnownFileType = sourcecode.c.h; path = ZZWCircleProgressButton.h; sourceTree = "<group>"; };
		17B52C861D6BFAB900391A8F /* ZZWCircleProgressButton.m */ = {isa = PBXFileReference; fileEncoding = 4; lastKnownFileType = sourcecode.c.objc; path = ZZWCircleProgressButton.m; sourceTree = "<group>"; };
		17B52C881D6BFF0100391A8F /* QSCADSplashView.h */ = {isa = PBXFileReference; fileEncoding = 4; lastKnownFileType = sourcecode.c.h; path = QSCADSplashView.h; sourceTree = "<group>"; };
		17B52C891D6BFF0100391A8F /* QSCADSplashView.m */ = {isa = PBXFileReference; fileEncoding = 4; lastKnownFileType = sourcecode.c.objc; path = QSCADSplashView.m; sourceTree = "<group>"; };
		17B52C8B1D6C1FFF00391A8F /* Images.xcassets */ = {isa = PBXFileReference; lastKnownFileType = folder.assetcatalog; path = Images.xcassets; sourceTree = "<group>"; };
		1CE3891C3868EE6C7AF67B37 /* Pods-Zhang_tabBar.debug.xcconfig */ = {isa = PBXFileReference; includeInIndex = 1; lastKnownFileType = text.xcconfig; name = "Pods-Zhang_tabBar.debug.xcconfig"; path = "Pods/Target Support Files/Pods-Zhang_tabBar/Pods-Zhang_tabBar.debug.xcconfig"; sourceTree = "<group>"; };
		9B7FCED1C8171EB305D6DC34 /* Pods-Zhang_tabBar.release.xcconfig */ = {isa = PBXFileReference; includeInIndex = 1; lastKnownFileType = text.xcconfig; name = "Pods-Zhang_tabBar.release.xcconfig"; path = "Pods/Target Support Files/Pods-Zhang_tabBar/Pods-Zhang_tabBar.release.xcconfig"; sourceTree = "<group>"; };
		FA88892239DDD45A086926B5 /* libPods-Zhang_tabBar.a */ = {isa = PBXFileReference; explicitFileType = archive.ar; includeInIndex = 0; path = "libPods-Zhang_tabBar.a"; sourceTree = BUILT_PRODUCTS_DIR; };
/* End PBXFileReference section */

/* Begin PBXFrameworksBuildPhase section */
		176C312D1D6404060040EC60 /* Frameworks */ = {
			isa = PBXFrameworksBuildPhase;
			buildActionMask = 2147483647;
			files = (
				AE80A088D771A42BEEA898A5 /* libPods-Zhang_tabBar.a in Frameworks */,
			);
			runOnlyForDeploymentPostprocessing = 0;
		};
		176C31491D6404060040EC60 /* Frameworks */ = {
			isa = PBXFrameworksBuildPhase;
			buildActionMask = 2147483647;
			files = (
			);
			runOnlyForDeploymentPostprocessing = 0;
		};
		176C31541D6404060040EC60 /* Frameworks */ = {
			isa = PBXFrameworksBuildPhase;
			buildActionMask = 2147483647;
			files = (
			);
			runOnlyForDeploymentPostprocessing = 0;
		};
/* End PBXFrameworksBuildPhase section */

/* Begin PBXGroup section */
		174A870E1D6AE72E0048EFE5 /* Model */ = {
			isa = PBXGroup;
			children = (
				174A870F1D6AE73D0048EFE5 /* productClassModel.h */,
				174A87101D6AE73D0048EFE5 /* productClassModel.m */,
			);
			path = Model;
			sourceTree = "<group>";
		};
		176C31271D6404060040EC60 = {
			isa = PBXGroup;
			children = (
				176C31321D6404060040EC60 /* Zhang_tabBar */,
				176C314F1D6404060040EC60 /* Zhang_tabBarTests */,
				176C315A1D6404060040EC60 /* Zhang_tabBarUITests */,
				176C31311D6404060040EC60 /* Products */,
				2EB02717707CDA1B29CA15EB /* Pods */,
				5E06776D6660E3015718956B /* Frameworks */,
			);
			sourceTree = "<group>";
		};
		176C31311D6404060040EC60 /* Products */ = {
			isa = PBXGroup;
			children = (
				176C31301D6404060040EC60 /* Zhang_tabBar.app */,
				176C314C1D6404060040EC60 /* Zhang_tabBarTests.xctest */,
				176C31571D6404060040EC60 /* Zhang_tabBarUITests.xctest */,
			);
			name = Products;
			sourceTree = "<group>";
		};
		176C31321D6404060040EC60 /* Zhang_tabBar */ = {
			isa = PBXGroup;
			children = (
				17B52C7E1D6BF14500391A8F /* AD广告 */,
				179967351D6A94B3006BB3BF /* Tabbar */,
				1799670B1D6A9477006BB3BF /* Home */,
				179967181D6A947C006BB3BF /* fishSecond */,
				1799671C1D6A9484006BB3BF /* Message */,
				179967201D6A9489006BB3BF /* Me */,
				179967241D6A9494006BB3BF /* Main */,
				179967281D6A9499006BB3BF /* Nav */,
				179966EB1D6A92C1006BB3BF /* lib */,
				179967421D6A957F006BB3BF /* Category */,
				176C313F1D6404060040EC60 /* Main.storyboard */,
				176C31441D6404060040EC60 /* LaunchScreen.storyboard */,
				174A870B1D6ADF600048EFE5 /* Assets.xcassets */,
				1799672C1D6A94A1006BB3BF /* Supporting Files */,
				178C80B11D65A72A0007111A /* UISounds */,
				17B52C8B1D6C1FFF00391A8F /* Images.xcassets */,
			);
			path = Zhang_tabBar;
			sourceTree = "<group>";
		};
		176C314F1D6404060040EC60 /* Zhang_tabBarTests */ = {
			isa = PBXGroup;
			children = (
				176C31501D6404060040EC60 /* Zhang_tabBarTests.m */,
				176C31521D6404060040EC60 /* Info.plist */,
			);
			path = Zhang_tabBarTests;
			sourceTree = "<group>";
		};
		176C315A1D6404060040EC60 /* Zhang_tabBarUITests */ = {
			isa = PBXGroup;
			children = (
				176C315B1D6404060040EC60 /* Zhang_tabBarUITests.m */,
				176C315D1D6404060040EC60 /* Info.plist */,
			);
			path = Zhang_tabBarUITests;
			sourceTree = "<group>";
		};
		178C80B11D65A72A0007111A /* UISounds */ = {
			isa = PBXGroup;
			children = (
				178C80B21D65A72A0007111A /* alarm.caf */,
				178C80B31D65A72A0007111A /* beep-beep.caf */,
				178C80B41D65A72A0007111A /* begin_record.caf */,
				178C80B51D65A72A0007111A /* begin_video_record.caf */,
				178C80B61D65A72A0007111A /* ct-busy.caf */,
				178C80B71D65A72A0007111A /* ct-call-waiting.caf */,
				178C80B81D65A72A0007111A /* ct-congestion.caf */,
				178C80B91D65A72A0007111A /* ct-error.caf */,
				178C80BA1D65A72A0007111A /* ct-keytone2.caf */,
				178C80BB1D65A72A0007111A /* ct-path-ack.caf */,
				178C80BC1D65A72A0007111A /* dtmf-0.caf */,
				178C80BD1D65A72A0007111A /* dtmf-1.caf */,
				178C80BE1D65A72A0007111A /* dtmf-2.caf */,
				178C80BF1D65A72A0007111A /* dtmf-3.caf */,
				178C80C01D65A72A0007111A /* dtmf-4.caf */,
				178C80C11D65A72A0007111A /* dtmf-5.caf */,
				178C80C21D65A72A0007111A /* dtmf-6.caf */,
				178C80C31D65A72A0007111A /* dtmf-7.caf */,
				178C80C41D65A72A0007111A /* dtmf-8.caf */,
				178C80C51D65A72A0007111A /* dtmf-9.caf */,
				178C80C61D65A72A0007111A /* dtmf-pound.caf */,
				178C80C71D65A72A0007111A /* dtmf-star.caf */,
				178C80C81D65A72A0007111A /* end_record.caf */,
				178C80C91D65A72A0007111A /* end_video_record.caf */,
				178C80CA1D65A72A0007111A /* jbl_begin.caf */,
				178C80CB1D65A72A0007111A /* jbl_cancel.caf */,
				178C80CC1D65A72A0007111A /* jbl_confirm.caf */,
				178C80CD1D65A72A0007111A /* lock.caf */,
				178C80CE1D65A72A0007111A /* low_power.caf */,
				178C80CF1D65A72A0007111A /* mail-sent.caf */,
				178C80D01D65A72A0007111A /* new-mail.caf */,
				178C80D11D65A72A0007111A /* photoShutter.caf */,
				178C80D21D65A72A0007111A /* ReceivedMessage.caf */,
				178C80D31D65A72A0007111A /* RingerChanged.caf */,
				178C80D41D65A72A0007111A /* SentMessage.caf */,
				178C80D51D65A72A0007111A /* shake.caf */,
				178C80D61D65A72A0007111A /* short_double_high.caf */,
				178C80D71D65A72A0007111A /* short_double_low.caf */,
				178C80D81D65A72A0007111A /* short_low_high.caf */,
				178C80D91D65A72A0007111A /* SIMToolkitCallDropped.caf */,
				178C80DA1D65A72A0007111A /* SIMToolkitGeneralBeep.caf */,
				178C80DB1D65A72A0007111A /* SIMToolkitNegativeACK.caf */,
				178C80DC1D65A72A0007111A /* SIMToolkitPositiveACK.caf */,
				178C80DD1D65A72A0007111A /* SIMToolkitSMS.caf */,
				178C80DE1D65A72A0007111A /* sms-received1.caf */,
				178C80DF1D65A72A0007111A /* sms-received2.caf */,
				178C80E01D65A72A0007111A /* sms-received3.caf */,
				178C80E11D65A72A0007111A /* sms-received4.caf */,
				178C80E21D65A72A0007111A /* sms-received5.caf */,
				178C80E31D65A72A0007111A /* sms-received6.caf */,
				178C80E41D65A72A0007111A /* sq_alarm.caf */,
				178C80E51D65A72A0007111A /* sq_beep-beep.caf */,
				178C80E61D65A72A0007111A /* sq_lock.caf */,
				178C80E71D65A72A0007111A /* sq_tock.caf */,
				178C80E81D65A72A0007111A /* Tink.caf */,
				178C80E91D65A72A0007111A /* Tock.caf */,
				178C80EA1D65A72A0007111A /* unlock.caf */,
				178C80EB1D65A72A0007111A /* vc~ended.caf */,
				178C80EC1D65A72A0007111A /* vc~ringing.caf */,
				178C80ED1D65A72A0007111A /* Voicemail.caf */,
			);
			path = UISounds;
			sourceTree = "<group>";
		};
		179966EB1D6A92C1006BB3BF /* lib */ = {
			isa = PBXGroup;
			children = (
				179966F21D6A9323006BB3BF /* libqrencode */,
				179966EC1D6A92FE006BB3BF /* ProgressHUD */,
			);
			path = lib;
			sourceTree = "<group>";
		};
		179966EC1D6A92FE006BB3BF /* ProgressHUD */ = {
			isa = PBXGroup;
			children = (
				179966ED1D6A92FE006BB3BF /* ProgressHUD.bundle */,
				179966EE1D6A92FE006BB3BF /* ProgressHUD.h */,
				179966EF1D6A92FE006BB3BF /* ProgressHUD.m */,
			);
			path = ProgressHUD;
			sourceTree = "<group>";
		};
		179966F21D6A9323006BB3BF /* libqrencode */ = {
			isa = PBXGroup;
			children = (
				179966F31D6A9323006BB3BF /* bitstream.c */,
				179966F41D6A9323006BB3BF /* bitstream.h */,
				179966F51D6A9323006BB3BF /* mask.c */,
				179966F61D6A9323006BB3BF /* mask.h */,
				179966F71D6A9323006BB3BF /* QRCodeGenerator.h */,
				179966F81D6A9323006BB3BF /* QRCodeGenerator.m */,
				179966F91D6A9323006BB3BF /* qrencode.c */,
				179966FA1D6A9323006BB3BF /* qrencode.h */,
				179966FB1D6A9323006BB3BF /* qrinput.c */,
				179966FC1D6A9323006BB3BF /* qrinput.h */,
				179966FD1D6A9323006BB3BF /* qrspec.c */,
				179966FE1D6A9323006BB3BF /* qrspec.h */,
				179966FF1D6A9323006BB3BF /* rscode.c */,
				179967001D6A9323006BB3BF /* rscode.h */,
				179967011D6A9323006BB3BF /* split.c */,
				179967021D6A9323006BB3BF /* split.h */,
			);
			path = libqrencode;
			sourceTree = "<group>";
		};
		1799670B1D6A9477006BB3BF /* Home */ = {
			isa = PBXGroup;
			children = (
				1799670C1D6A9477006BB3BF /* HomeController.h */,
				1799670D1D6A9477006BB3BF /* HomeController.m */,
				1799670E1D6A9477006BB3BF /* productClassViewController.h */,
				1799670F1D6A9477006BB3BF /* productClassViewController.m */,
				174A870E1D6AE72E0048EFE5 /* Model */,
				179967101D6A9477006BB3BF /* view */,
			);
			path = Home;
			sourceTree = "<group>";
		};
		179967101D6A9477006BB3BF /* view */ = {
			isa = PBXGroup;
			children = (
				179967111D6A9477006BB3BF /* productClassCollectionViewCell.h */,
				179967121D6A9477006BB3BF /* productClassCollectionViewCell.m */,
				179967131D6A9477006BB3BF /* productClassCollectionViewCell.xib */,
			);
			path = view;
			sourceTree = "<group>";
		};
		179967181D6A947C006BB3BF /* fishSecond */ = {
			isa = PBXGroup;
			children = (
				179967191D6A947C006BB3BF /* fishController.h */,
				1799671A1D6A947C006BB3BF /* fishController.m */,
			);
			path = fishSecond;
			sourceTree = "<group>";
		};
		1799671C1D6A9484006BB3BF /* Message */ = {
			isa = PBXGroup;
			children = (
				1799671D1D6A9484006BB3BF /* messageController.h */,
				1799671E1D6A9484006BB3BF /* messageController.m */,
			);
			path = Message;
			sourceTree = "<group>";
		};
		179967201D6A9489006BB3BF /* Me */ = {
			isa = PBXGroup;
			children = (
				179967211D6A9489006BB3BF /* meController.h */,
				179967221D6A9489006BB3BF /* meController.m */,
			);
			path = Me;
			sourceTree = "<group>";
		};
		179967241D6A9494006BB3BF /* Main */ = {
			isa = PBXGroup;
			children = (
				179967251D6A9494006BB3BF /* ZZWViewController.h */,
				179967261D6A9494006BB3BF /* ZZWViewController.m */,
				179967821D6AB1AC006BB3BF /* ZZWGlobal.h */,
				179967831D6AB1AC006BB3BF /* ZZWGlobal.m */,
			);
			path = Main;
			sourceTree = "<group>";
		};
		179967281D6A9499006BB3BF /* Nav */ = {
			isa = PBXGroup;
			children = (
				179967291D6A9499006BB3BF /* ZZWNavViewController.h */,
				1799672A1D6A9499006BB3BF /* ZZWNavViewController.m */,
			);
			path = Nav;
			sourceTree = "<group>";
		};
		1799672C1D6A94A1006BB3BF /* Supporting Files */ = {
			isa = PBXGroup;
			children = (
				1799672D1D6A94A1006BB3BF /* AppDelegate.h */,
				1799672E1D6A94A1006BB3BF /* AppDelegate.m */,
				179967301D6A94A1006BB3BF /* main.m */,
				179967311D6A94A1006BB3BF /* ZZW_Project.pch */,
				1799672F1D6A94A1006BB3BF /* Info.plist */,
			);
			path = "Supporting Files";
			sourceTree = "<group>";
		};
		179967351D6A94B3006BB3BF /* Tabbar */ = {
			isa = PBXGroup;
			children = (
				179967361D6A94B3006BB3BF /* CustomTabBarViewController.h */,
				179967371D6A94B3006BB3BF /* CustomTabBarViewController.m */,
				179967381D6A94B3006BB3BF /* zzwItemButton.h */,
				179967391D6A94B3006BB3BF /* zzwItemButton.m */,
				1799673A1D6A94B3006BB3BF /* zzwPlusButton.h */,
				1799673B1D6A94B3006BB3BF /* zzwPlusButton.m */,
				1799673C1D6A94B3006BB3BF /* zzwTabbar.h */,
				1799673D1D6A94B3006BB3BF /* zzwTabbar.m */,
			);
			path = Tabbar;
			sourceTree = "<group>";
		};
		179967421D6A957F006BB3BF /* Category */ = {
			isa = PBXGroup;
			children = (
				179967431D6A957F006BB3BF /* UIBarButtonItem+myAdd.h */,
				179967441D6A957F006BB3BF /* UIBarButtonItem+myAdd.m */,
				179967451D6A957F006BB3BF /* UIImage+Extension.h */,
				179967461D6A957F006BB3BF /* UIImage+Extension.m */,
				179967471D6A957F006BB3BF /* UIImage+Image.h */,
				179967481D6A957F006BB3BF /* UIImage+Image.m */,
				179967491D6A957F006BB3BF /* UIView+LBExtension.h */,
				1799674A1D6A957F006BB3BF /* UIView+LBExtension.m */,
			);
			path = Category;
			sourceTree = "<group>";
		};
		17B52C7E1D6BF14500391A8F /* AD广告 */ = {
			isa = PBXGroup;
			children = (
				17B52C851D6BFAB900391A8F /* ZZWCircleProgressButton.h */,
				17B52C861D6BFAB900391A8F /* ZZWCircleProgressButton.m */,
				17B52C881D6BFF0100391A8F /* QSCADSplashView.h */,
				17B52C891D6BFF0100391A8F /* QSCADSplashView.m */,
			);
			path = "AD广告";
			sourceTree = "<group>";
		};
		2EB02717707CDA1B29CA15EB /* Pods */ = {
			isa = PBXGroup;
			children = (
				1CE3891C3868EE6C7AF67B37 /* Pods-Zhang_tabBar.debug.xcconfig */,
				9B7FCED1C8171EB305D6DC34 /* Pods-Zhang_tabBar.release.xcconfig */,
			);
			name = Pods;
			sourceTree = "<group>";
		};
		5E06776D6660E3015718956B /* Frameworks */ = {
			isa = PBXGroup;
			children = (
				FA88892239DDD45A086926B5 /* libPods-Zhang_tabBar.a */,
			);
			name = Frameworks;
			sourceTree = "<group>";
		};
/* End PBXGroup section */

/* Begin PBXNativeTarget section */
		176C312F1D6404060040EC60 /* Zhang_tabBar */ = {
			isa = PBXNativeTarget;
			buildConfigurationList = 176C31601D6404060040EC60 /* Build configuration list for PBXNativeTarget "Zhang_tabBar" */;
			buildPhases = (
				CFF8D1B804C24D61F181FAFF /* Check Pods Manifest.lock */,
				176C312C1D6404060040EC60 /* Sources */,
				176C312D1D6404060040EC60 /* Frameworks */,
				176C312E1D6404060040EC60 /* Resources */,
				A94F7B372129FD00C36B4287 /* Embed Pods Frameworks */,
				27E80226E87659C7490F9AB5 /* Copy Pods Resources */,
			);
			buildRules = (
			);
			dependencies = (
			);
			name = Zhang_tabBar;
			productName = Zhang_tabBar;
			productReference = 176C31301D6404060040EC60 /* Zhang_tabBar.app */;
			productType = "com.apple.product-type.application";
		};
		176C314B1D6404060040EC60 /* Zhang_tabBarTests */ = {
			isa = PBXNativeTarget;
			buildConfigurationList = 176C31631D6404060040EC60 /* Build configuration list for PBXNativeTarget "Zhang_tabBarTests" */;
			buildPhases = (
				176C31481D6404060040EC60 /* Sources */,
				176C31491D6404060040EC60 /* Frameworks */,
				176C314A1D6404060040EC60 /* Resources */,
			);
			buildRules = (
			);
			dependencies = (
				176C314E1D6404060040EC60 /* PBXTargetDependency */,
			);
			name = Zhang_tabBarTests;
			productName = Zhang_tabBarTests;
			productReference = 176C314C1D6404060040EC60 /* Zhang_tabBarTests.xctest */;
			productType = "com.apple.product-type.bundle.unit-test";
		};
		176C31561D6404060040EC60 /* Zhang_tabBarUITests */ = {
			isa = PBXNativeTarget;
			buildConfigurationList = 176C31661D6404060040EC60 /* Build configuration list for PBXNativeTarget "Zhang_tabBarUITests" */;
			buildPhases = (
				176C31531D6404060040EC60 /* Sources */,
				176C31541D6404060040EC60 /* Frameworks */,
				176C31551D6404060040EC60 /* Resources */,
			);
			buildRules = (
			);
			dependencies = (
				176C31591D6404060040EC60 /* PBXTargetDependency */,
			);
			name = Zhang_tabBarUITests;
			productName = Zhang_tabBarUITests;
			productReference = 176C31571D6404060040EC60 /* Zhang_tabBarUITests.xctest */;
			productType = "com.apple.product-type.bundle.ui-testing";
		};
/* End PBXNativeTarget section */

/* Begin PBXProject section */
		176C31281D6404060040EC60 /* Project object */ = {
			isa = PBXProject;
			attributes = {
				LastUpgradeCheck = 0730;
				ORGANIZATIONNAME = zhangzhenwei;
				TargetAttributes = {
					176C312F1D6404060040EC60 = {
						CreatedOnToolsVersion = 7.3;
						DevelopmentTeam = QH2QDQ247S;
					};
					176C314B1D6404060040EC60 = {
						CreatedOnToolsVersion = 7.3;
						TestTargetID = 176C312F1D6404060040EC60;
					};
					176C31561D6404060040EC60 = {
						CreatedOnToolsVersion = 7.3;
						TestTargetID = 176C312F1D6404060040EC60;
					};
				};
			};
			buildConfigurationList = 176C312B1D6404060040EC60 /* Build configuration list for PBXProject "Zhang_tabBar" */;
			compatibilityVersion = "Xcode 3.2";
			developmentRegion = English;
			hasScannedForEncodings = 0;
			knownRegions = (
				en,
				Base,
			);
			mainGroup = 176C31271D6404060040EC60;
			productRefGroup = 176C31311D6404060040EC60 /* Products */;
			projectDirPath = "";
			projectRoot = "";
			targets = (
				176C312F1D6404060040EC60 /* Zhang_tabBar */,
				176C314B1D6404060040EC60 /* Zhang_tabBarTests */,
				176C31561D6404060040EC60 /* Zhang_tabBarUITests */,
			);
		};
/* End PBXProject section */

/* Begin PBXResourcesBuildPhase section */
		176C312E1D6404060040EC60 /* Resources */ = {
			isa = PBXResourcesBuildPhase;
			buildActionMask = 2147483647;
			files = (
				178C81181D65A72A0007111A /* SIMToolkitPositiveACK.caf in Resources */,
				178C811B1D65A72A0007111A /* sms-received2.caf in Resources */,
				178C81231D65A72A0007111A /* sq_tock.caf in Resources */,
				179966F01D6A92FE006BB3BF /* ProgressHUD.bundle in Resources */,
				178C811A1D65A72A0007111A /* sms-received1.caf in Resources */,
				178C81001D65A72A0007111A /* dtmf-8.caf in Resources */,
				178C80FC1D65A72A0007111A /* dtmf-4.caf in Resources */,
				178C81011D65A72A0007111A /* dtmf-9.caf in Resources */,
				179967331D6A94A1006BB3BF /* Info.plist in Resources */,
				178C810A1D65A72A0007111A /* low_power.caf in Resources */,
				178C81221D65A72A0007111A /* sq_lock.caf in Resources */,
				178C81111D65A72A0007111A /* shake.caf in Resources */,
				178C80F61D65A72A0007111A /* ct-keytone2.caf in Resources */,
				178C811C1D65A72A0007111A /* sms-received3.caf in Resources */,
				178C81021D65A72A0007111A /* dtmf-pound.caf in Resources */,
				178C81131D65A72A0007111A /* short_double_low.caf in Resources */,
				178C81151D65A72A0007111A /* SIMToolkitCallDropped.caf in Resources */,
				178C80EF1D65A72A0007111A /* beep-beep.caf in Resources */,
				178C80F71D65A72A0007111A /* ct-path-ack.caf in Resources */,
				178C80F51D65A72A0007111A /* ct-error.caf in Resources */,
				178C81171D65A72A0007111A /* SIMToolkitNegativeACK.caf in Resources */,
				178C811E1D65A72A0007111A /* sms-received5.caf in Resources */,
				178C810F1D65A72A0007111A /* RingerChanged.caf in Resources */,
				178C810B1D65A72A0007111A /* mail-sent.caf in Resources */,
				178C81051D65A72A0007111A /* end_video_record.caf in Resources */,
				178C810E1D65A72A0007111A /* ReceivedMessage.caf in Resources */,
				179967171D6A9477006BB3BF /* productClassCollectionViewCell.xib in Resources */,
				178C81121D65A72A0007111A /* short_double_high.caf in Resources */,
				178C80FB1D65A72A0007111A /* dtmf-3.caf in Resources */,
				178C81261D65A72A0007111A /* unlock.caf in Resources */,
				178C810D1D65A72A0007111A /* photoShutter.caf in Resources */,
				178C80F11D65A72A0007111A /* begin_video_record.caf in Resources */,
				178C80F21D65A72A0007111A /* ct-busy.caf in Resources */,
				178C80FD1D65A72A0007111A /* dtmf-5.caf in Resources */,
				178C81161D65A72A0007111A /* SIMToolkitGeneralBeep.caf in Resources */,
				178C81251D65A72A0007111A /* Tock.caf in Resources */,
				178C81061D65A72A0007111A /* jbl_begin.caf in Resources */,
				178C80F31D65A72A0007111A /* ct-call-waiting.caf in Resources */,
				178C81031D65A72A0007111A /* dtmf-star.caf in Resources */,
				178C81201D65A72A0007111A /* sq_alarm.caf in Resources */,
				178C810C1D65A72A0007111A /* new-mail.caf in Resources */,
				178C80F41D65A72A0007111A /* ct-congestion.caf in Resources */,
				178C81271D65A72A0007111A /* vc~ended.caf in Resources */,
				178C80F01D65A72A0007111A /* begin_record.caf in Resources */,
				178C80FF1D65A72A0007111A /* dtmf-7.caf in Resources */,
				178C81041D65A72A0007111A /* end_record.caf in Resources */,
				174A870C1D6ADF600048EFE5 /* Assets.xcassets in Resources */,
				17B52C8C1D6C1FFF00391A8F /* Images.xcassets in Resources */,
				178C81241D65A72A0007111A /* Tink.caf in Resources */,
				178C80FE1D65A72A0007111A /* dtmf-6.caf in Resources */,
				176C31461D6404060040EC60 /* LaunchScreen.storyboard in Resources */,
				178C81081D65A72A0007111A /* jbl_confirm.caf in Resources */,
				178C81091D65A72A0007111A /* lock.caf in Resources */,
				178C81101D65A72A0007111A /* SentMessage.caf in Resources */,
				178C81291D65A72A0007111A /* Voicemail.caf in Resources */,
				178C81141D65A72A0007111A /* short_low_high.caf in Resources */,
				178C811D1D65A72A0007111A /* sms-received4.caf in Resources */,
				178C81191D65A72A0007111A /* SIMToolkitSMS.caf in Resources */,
				178C81281D65A72A0007111A /* vc~ringing.caf in Resources */,
				178C80EE1D65A72A0007111A /* alarm.caf in Resources */,
				178C811F1D65A72A0007111A /* sms-received6.caf in Resources */,
				178C80FA1D65A72A0007111A /* dtmf-2.caf in Resources */,
				178C80F91D65A72A0007111A /* dtmf-1.caf in Resources */,
				178C80F81D65A72A0007111A /* dtmf-0.caf in Resources */,
				176C31411D6404060040EC60 /* Main.storyboard in Resources */,
				178C81211D65A72A0007111A /* sq_beep-beep.caf in Resources */,
				178C81071D65A72A0007111A /* jbl_cancel.caf in Resources */,
			);
			runOnlyForDeploymentPostprocessing = 0;
		};
		176C314A1D6404060040EC60 /* Resources */ = {
			isa = PBXResourcesBuildPhase;
			buildActionMask = 2147483647;
			files = (
			);
			runOnlyForDeploymentPostprocessing = 0;
		};
		176C31551D6404060040EC60 /* Resources */ = {
			isa = PBXResourcesBuildPhase;
			buildActionMask = 2147483647;
			files = (
			);
			runOnlyForDeploymentPostprocessing = 0;
		};
/* End PBXResourcesBuildPhase section */

/* Begin PBXShellScriptBuildPhase section */
		27E80226E87659C7490F9AB5 /* Copy Pods Resources */ = {
			isa = PBXShellScriptBuildPhase;
			buildActionMask = 2147483647;
			files = (
			);
			inputPaths = (
			);
			name = "Copy Pods Resources";
			outputPaths = (
			);
			runOnlyForDeploymentPostprocessing = 0;
			shellPath = /bin/sh;
			shellScript = "\"${SRCROOT}/Pods/Target Support Files/Pods-Zhang_tabBar/Pods-Zhang_tabBar-resources.sh\"\n";
			showEnvVarsInLog = 0;
		};
		A94F7B372129FD00C36B4287 /* Embed Pods Frameworks */ = {
			isa = PBXShellScriptBuildPhase;
			buildActionMask = 2147483647;
			files = (
			);
			inputPaths = (
			);
			name = "Embed Pods Frameworks";
			outputPaths = (
			);
			runOnlyForDeploymentPostprocessing = 0;
			shellPath = /bin/sh;
			shellScript = "\"${SRCROOT}/Pods/Target Support Files/Pods-Zhang_tabBar/Pods-Zhang_tabBar-frameworks.sh\"\n";
			showEnvVarsInLog = 0;
		};
		CFF8D1B804C24D61F181FAFF /* Check Pods Manifest.lock */ = {
			isa = PBXShellScriptBuildPhase;
			buildActionMask = 2147483647;
			files = (
			);
			inputPaths = (
			);
			name = "Check Pods Manifest.lock";
			outputPaths = (
			);
			runOnlyForDeploymentPostprocessing = 0;
			shellPath = /bin/sh;
			shellScript = "diff \"${PODS_ROOT}/../Podfile.lock\" \"${PODS_ROOT}/Manifest.lock\" > /dev/null\nif [[ $? != 0 ]] ; then\n    cat << EOM\nerror: The sandbox is not in sync with the Podfile.lock. Run 'pod install' or update your CocoaPods installation.\nEOM\n    exit 1\nfi\n";
			showEnvVarsInLog = 0;
		};
/* End PBXShellScriptBuildPhase section */

/* Begin PBXSourcesBuildPhase section */
		176C312C1D6404060040EC60 /* Sources */ = {
			isa = PBXSourcesBuildPhase;
			buildActionMask = 2147483647;
			files = (
				1799673F1D6A94B3006BB3BF /* zzwItemButton.m in Sources */,
				179967141D6A9477006BB3BF /* HomeController.m in Sources */,
				1799671F1D6A9484006BB3BF /* messageController.m in Sources */,
				179967091D6A9323006BB3BF /* rscode.c in Sources */,
				179967061D6A9323006BB3BF /* qrencode.c in Sources */,
				1799674C1D6A957F006BB3BF /* UIImage+Extension.m in Sources */,
				179967341D6A94A1006BB3BF /* main.m in Sources */,
				17B52C8A1D6BFF0100391A8F /* QSCADSplashView.m in Sources */,
				1799674D1D6A957F006BB3BF /* UIImage+Image.m in Sources */,
				179967411D6A94B3006BB3BF /* zzwTabbar.m in Sources */,
				179967071D6A9323006BB3BF /* qrinput.c in Sources */,
				179967841D6AB1AC006BB3BF /* ZZWGlobal.m in Sources */,
				179967271D6A9494006BB3BF /* ZZWViewController.m in Sources */,
				1799671B1D6A947C006BB3BF /* fishController.m in Sources */,
				1799670A1D6A9323006BB3BF /* split.c in Sources */,
				179967051D6A9323006BB3BF /* QRCodeGenerator.m in Sources */,
				179966F11D6A92FE006BB3BF /* ProgressHUD.m in Sources */,
				179967031D6A9323006BB3BF /* bitstream.c in Sources */,
				179967161D6A9477006BB3BF /* productClassCollectionViewCell.m in Sources */,
				179967401D6A94B3006BB3BF /* zzwPlusButton.m in Sources */,
				179967321D6A94A1006BB3BF /* AppDelegate.m in Sources */,
				174A87111D6AE73D0048EFE5 /* productClassModel.m in Sources */,
				1799672B1D6A9499006BB3BF /* ZZWNavViewController.m in Sources */,
				1799674B1D6A957F006BB3BF /* UIBarButtonItem+myAdd.m in Sources */,
				179967081D6A9323006BB3BF /* qrspec.c in Sources */,
				1799673E1D6A94B3006BB3BF /* CustomTabBarViewController.m in Sources */,
				179967041D6A9323006BB3BF /* mask.c in Sources */,
				1799674E1D6A957F006BB3BF /* UIView+LBExtension.m in Sources */,
				179967151D6A9477006BB3BF /* productClassViewController.m in Sources */,
				17B52C871D6BFAB900391A8F /* ZZWCircleProgressButton.m in Sources */,
				179967231D6A9489006BB3BF /* meController.m in Sources */,
			);
			runOnlyForDeploymentPostprocessing = 0;
		};
		176C31481D6404060040EC60 /* Sources */ = {
			isa = PBXSourcesBuildPhase;
			buildActionMask = 2147483647;
			files = (
				176C31511D6404060040EC60 /* Zhang_tabBarTests.m in Sources */,
			);
			runOnlyForDeploymentPostprocessing = 0;
		};
		176C31531D6404060040EC60 /* Sources */ = {
			isa = PBXSourcesBuildPhase;
			buildActionMask = 2147483647;
			files = (
				176C315C1D6404060040EC60 /* Zhang_tabBarUITests.m in Sources */,
			);
			runOnlyForDeploymentPostprocessing = 0;
		};
/* End PBXSourcesBuildPhase section */

/* Begin PBXTargetDependency section */
		176C314E1D6404060040EC60 /* PBXTargetDependency */ = {
			isa = PBXTargetDependency;
			target = 176C312F1D6404060040EC60 /* Zhang_tabBar */;
			targetProxy = 176C314D1D6404060040EC60 /* PBXContainerItemProxy */;
		};
		176C31591D6404060040EC60 /* PBXTargetDependency */ = {
			isa = PBXTargetDependency;
			target = 176C312F1D6404060040EC60 /* Zhang_tabBar */;
			targetProxy = 176C31581D6404060040EC60 /* PBXContainerItemProxy */;
		};
/* End PBXTargetDependency section */

/* Begin PBXVariantGroup section */
		176C313F1D6404060040EC60 /* Main.storyboard */ = {
			isa = PBXVariantGroup;
			children = (
				176C31401D6404060040EC60 /* Base */,
			);
			name = Main.storyboard;
			sourceTree = "<group>";
		};
		176C31441D6404060040EC60 /* LaunchScreen.storyboard */ = {
			isa = PBXVariantGroup;
			children = (
				176C31451D6404060040EC60 /* Base */,
			);
			name = LaunchScreen.storyboard;
			sourceTree = "<group>";
		};
/* End PBXVariantGroup section */

/* Begin XCBuildConfiguration section */
		176C315E1D6404060040EC60 /* Debug */ = {
			isa = XCBuildConfiguration;
			buildSettings = {
				ALWAYS_SEARCH_USER_PATHS = NO;
				CLANG_ANALYZER_NONNULL = YES;
				CLANG_CXX_LANGUAGE_STANDARD = "gnu++0x";
				CLANG_CXX_LIBRARY = "libc++";
				CLANG_ENABLE_MODULES = YES;
				CLANG_ENABLE_OBJC_ARC = YES;
				CLANG_WARN_BOOL_CONVERSION = YES;
				CLANG_WARN_CONSTANT_CONVERSION = YES;
				CLANG_WARN_DIRECT_OBJC_ISA_USAGE = YES_ERROR;
				CLANG_WARN_EMPTY_BODY = YES;
				CLANG_WARN_ENUM_CONVERSION = YES;
				CLANG_WARN_INT_CONVERSION = YES;
				CLANG_WARN_OBJC_ROOT_CLASS = YES_ERROR;
				CLANG_WARN_UNREACHABLE_CODE = YES;
				CLANG_WARN__DUPLICATE_METHOD_MATCH = YES;
				"CODE_SIGN_IDENTITY[sdk=iphoneos*]" = "iPhone Developer";
				COPY_PHASE_STRIP = NO;
				DEBUG_INFORMATION_FORMAT = dwarf;
				ENABLE_STRICT_OBJC_MSGSEND = YES;
				ENABLE_TESTABILITY = YES;
				GCC_C_LANGUAGE_STANDARD = gnu99;
				GCC_DYNAMIC_NO_PIC = NO;
				GCC_NO_COMMON_BLOCKS = YES;
				GCC_OPTIMIZATION_LEVEL = 0;
				GCC_PREPROCESSOR_DEFINITIONS = (
					"DEBUG=1",
					"$(inherited)",
				);
				GCC_WARN_64_TO_32_BIT_CONVERSION = YES;
				GCC_WARN_ABOUT_RETURN_TYPE = YES_ERROR;
				GCC_WARN_UNDECLARED_SELECTOR = YES;
				GCC_WARN_UNINITIALIZED_AUTOS = YES_AGGRESSIVE;
				GCC_WARN_UNUSED_FUNCTION = YES;
				GCC_WARN_UNUSED_VARIABLE = YES;
				IPHONEOS_DEPLOYMENT_TARGET = 9.3;
				MTL_ENABLE_DEBUG_INFO = YES;
				ONLY_ACTIVE_ARCH = YES;
				SDKROOT = iphoneos;
				TARGETED_DEVICE_FAMILY = "1,2";
			};
			name = Debug;
		};
		176C315F1D6404060040EC60 /* Release */ = {
			isa = XCBuildConfiguration;
			buildSettings = {
				ALWAYS_SEARCH_USER_PATHS = NO;
				CLANG_ANALYZER_NONNULL = YES;
				CLANG_CXX_LANGUAGE_STANDARD = "gnu++0x";
				CLANG_CXX_LIBRARY = "libc++";
				CLANG_ENABLE_MODULES = YES;
				CLANG_ENABLE_OBJC_ARC = YES;
				CLANG_WARN_BOOL_CONVERSION = YES;
				CLANG_WARN_CONSTANT_CONVERSION = YES;
				CLANG_WARN_DIRECT_OBJC_ISA_USAGE = YES_ERROR;
				CLANG_WARN_EMPTY_BODY = YES;
				CLANG_WARN_ENUM_CONVERSION = YES;
				CLANG_WARN_INT_CONVERSION = YES;
				CLANG_WARN_OBJC_ROOT_CLASS = YES_ERROR;
				CLANG_WARN_UNREACHABLE_CODE = YES;
				CLANG_WARN__DUPLICATE_METHOD_MATCH = YES;
				"CODE_SIGN_IDENTITY[sdk=iphoneos*]" = "iPhone Developer";
				COPY_PHASE_STRIP = NO;
				DEBUG_INFORMATION_FORMAT = "dwarf-with-dsym";
				ENABLE_NS_ASSERTIONS = NO;
				ENABLE_STRICT_OBJC_MSGSEND = YES;
				GCC_C_LANGUAGE_STANDARD = gnu99;
				GCC_NO_COMMON_BLOCKS = YES;
				GCC_WARN_64_TO_32_BIT_CONVERSION = YES;
				GCC_WARN_ABOUT_RETURN_TYPE = YES_ERROR;
				GCC_WARN_UNDECLARED_SELECTOR = YES;
				GCC_WARN_UNINITIALIZED_AUTOS = YES_AGGRESSIVE;
				GCC_WARN_UNUSED_FUNCTION = YES;
				GCC_WARN_UNUSED_VARIABLE = YES;
				IPHONEOS_DEPLOYMENT_TARGET = 9.3;
				MTL_ENABLE_DEBUG_INFO = NO;
				SDKROOT = iphoneos;
				TARGETED_DEVICE_FAMILY = "1,2";
				VALIDATE_PRODUCT = YES;
			};
			name = Release;
		};
		176C31611D6404060040EC60 /* Debug */ = {
			isa = XCBuildConfiguration;
			baseConfigurationReference = 1CE3891C3868EE6C7AF67B37 /* Pods-Zhang_tabBar.debug.xcconfig */;
			buildSettings = {
				ASSETCATALOG_COMPILER_APPICON_NAME = AppIcon;
				ASSETCATALOG_COMPILER_LAUNCHIMAGE_NAME = LaunchImage;
				CODE_SIGN_IDENTITY = "iPhone Developer";
				"CODE_SIGN_IDENTITY[sdk=iphoneos*]" = "iPhone Developer";
				GCC_PRECOMPILE_PREFIX_HEADER = YES;
				GCC_PREFIX_HEADER = "$(SRCROOT)/Zhang_tabBar/Supporting Files/ZZW_Project.pch";
				INFOPLIST_FILE = "Zhang_tabBar/Supporting Files/Info.plist";
				IPHONEOS_DEPLOYMENT_TARGET = 8.0;
				LD_RUNPATH_SEARCH_PATHS = "$(inherited) @executable_path/Frameworks";
				PRODUCT_BUNDLE_IDENTIFIER = "zhang-tabBar";
				PRODUCT_NAME = "$(TARGET_NAME)";
				PROVISIONING_PROFILE = "";
			};
			name = Debug;
		};
		176C31621D6404060040EC60 /* Release */ = {
			isa = XCBuildConfiguration;
			baseConfigurationReference = 9B7FCED1C8171EB305D6DC34 /* Pods-Zhang_tabBar.release.xcconfig */;
			buildSettings = {
				ASSETCATALOG_COMPILER_APPICON_NAME = AppIcon;
				ASSETCATALOG_COMPILER_LAUNCHIMAGE_NAME = LaunchImage;
				CODE_SIGN_IDENTITY = "iPhone Developer";
				"CODE_SIGN_IDENTITY[sdk=iphoneos*]" = "iPhone Developer";
				GCC_PRECOMPILE_PREFIX_HEADER = YES;
				GCC_PREFIX_HEADER = "$(SRCROOT)/Zhang_tabBar/Supporting Files/ZZW_Project.pch";
				INFOPLIST_FILE = "Zhang_tabBar/Supporting Files/Info.plist";
				IPHONEOS_DEPLOYMENT_TARGET = 8.0;
				LD_RUNPATH_SEARCH_PATHS = "$(inherited) @executable_path/Frameworks";
				PRODUCT_BUNDLE_IDENTIFIER = "zhang-tabBar";
				PRODUCT_NAME = "$(TARGET_NAME)";
				PROVISIONING_PROFILE = "";
			};
			name = Release;
		};
		176C31641D6404060040EC60 /* Debug */ = {
			isa = XCBuildConfiguration;
			buildSettings = {
				BUNDLE_LOADER = "$(TEST_HOST)";
				INFOPLIST_FILE = Zhang_tabBarTests/Info.plist;
				LD_RUNPATH_SEARCH_PATHS = "$(inherited) @executable_path/Frameworks @loader_path/Frameworks";
				PRODUCT_BUNDLE_IDENTIFIER = "zhang.Zhang-tabBarTests";
				PRODUCT_NAME = "$(TARGET_NAME)";
				TEST_HOST = "$(BUILT_PRODUCTS_DIR)/Zhang_tabBar.app/Zhang_tabBar";
			};
			name = Debug;
		};
		176C31651D6404060040EC60 /* Release */ = {
			isa = XCBuildConfiguration;
			buildSettings = {
				BUNDLE_LOADER = "$(TEST_HOST)";
				INFOPLIST_FILE = Zhang_tabBarTests/Info.plist;
				LD_RUNPATH_SEARCH_PATHS = "$(inherited) @executable_path/Frameworks @loader_path/Frameworks";
				PRODUCT_BUNDLE_IDENTIFIER = "zhang.Zhang-tabBarTests";
				PRODUCT_NAME = "$(TARGET_NAME)";
				TEST_HOST = "$(BUILT_PRODUCTS_DIR)/Zhang_tabBar.app/Zhang_tabBar";
			};
			name = Release;
		};
		176C31671D6404060040EC60 /* Debug */ = {
			isa = XCBuildConfiguration;
			buildSettings = {
				INFOPLIST_FILE = Zhang_tabBarUITests/Info.plist;
				LD_RUNPATH_SEARCH_PATHS = "$(inherited) @executable_path/Frameworks @loader_path/Frameworks";
				PRODUCT_BUNDLE_IDENTIFIER = "zhang.Zhang-tabBarUITests";
				PRODUCT_NAME = "$(TARGET_NAME)";
				TEST_TARGET_NAME = Zhang_tabBar;
			};
			name = Debug;
		};
		176C31681D6404060040EC60 /* Release */ = {
			isa = XCBuildConfiguration;
			buildSettings = {
				INFOPLIST_FILE = Zhang_tabBarUITests/Info.plist;
				LD_RUNPATH_SEARCH_PATHS = "$(inherited) @executable_path/Frameworks @loader_path/Frameworks";
				PRODUCT_BUNDLE_IDENTIFIER = "zhang.Zhang-tabBarUITests";
				PRODUCT_NAME = "$(TARGET_NAME)";
				TEST_TARGET_NAME = Zhang_tabBar;
			};
			name = Release;
		};
/* End XCBuildConfiguration section */

/* Begin XCConfigurationList section */
		176C312B1D6404060040EC60 /* Build configuration list for PBXProject "Zhang_tabBar" */ = {
			isa = XCConfigurationList;
			buildConfigurations = (
				176C315E1D6404060040EC60 /* Debug */,
				176C315F1D6404060040EC60 /* Release */,
			);
			defaultConfigurationIsVisible = 0;
			defaultConfigurationName = Release;
		};
		176C31601D6404060040EC60 /* Build configuration list for PBXNativeTarget "Zhang_tabBar" */ = {
			isa = XCConfigurationList;
			buildConfigurations = (
				176C31611D6404060040EC60 /* Debug */,
				176C31621D6404060040EC60 /* Release */,
			);
			defaultConfigurationIsVisible = 0;
			defaultConfigurationName = Release;
		};
		176C31631D6404060040EC60 /* Build configuration list for PBXNativeTarget "Zhang_tabBarTests" */ = {
			isa = XCConfigurationList;
			buildConfigurations = (
				176C31641D6404060040EC60 /* Debug */,
				176C31651D6404060040EC60 /* Release */,
			);
			defaultConfigurationIsVisible = 0;
			defaultConfigurationName = Release;
		};
		176C31661D6404060040EC60 /* Build configuration list for PBXNativeTarget "Zhang_tabBarUITests" */ = {
			isa = XCConfigurationList;
			buildConfigurations = (
				176C31671D6404060040EC60 /* Debug */,
				176C31681D6404060040EC60 /* Release */,
			);
			defaultConfigurationIsVisible = 0;
			defaultConfigurationName = Release;
		};
/* End XCConfigurationList section */
	};
	rootObject = 176C31281D6404060040EC60 /* Project object */;
}
